// !$*UTF8*$!
{
	archiveVersion = 1;
	classes = {
	};
	objectVersion = 55;
	objects = {

/* Begin PBXBuildFile section */
		79650F3727FA58DC00565EBB /* LP_SwiftApp.swift in Sources */ = {isa = PBXBuildFile; fileRef = 79650F3627FA58DC00565EBB /* LP_SwiftApp.swift */; };
		79650F3B27FA58DE00565EBB /* Assets.xcassets in Resources */ = {isa = PBXBuildFile; fileRef = 79650F3A27FA58DE00565EBB /* Assets.xcassets */; };
		79650F3E27FA58DE00565EBB /* Preview Assets.xcassets in Resources */ = {isa = PBXBuildFile; fileRef = 79650F3D27FA58DE00565EBB /* Preview Assets.xcassets */; };
		79650F4D27FA590400565EBB /* Person.swift in Sources */ = {isa = PBXBuildFile; fileRef = 79650F4C27FA590400565EBB /* Person.swift */; };
		79650F5127FA590E00565EBB /* Float+Extension.swift in Sources */ = {isa = PBXBuildFile; fileRef = 79650F4E27FA590E00565EBB /* Float+Extension.swift */; };
		79650F5227FA590E00565EBB /* View+Extension.swift in Sources */ = {isa = PBXBuildFile; fileRef = 79650F4F27FA590E00565EBB /* View+Extension.swift */; };
		79650F5327FA590E00565EBB /* Color+Extension.swift in Sources */ = {isa = PBXBuildFile; fileRef = 79650F5027FA590E00565EBB /* Color+Extension.swift */; };
		79650F5727FA591600565EBB /* ComputedPropertiesView.swift in Sources */ = {isa = PBXBuildFile; fileRef = 79650F5427FA591600565EBB /* ComputedPropertiesView.swift */; };
		79650F5827FA591600565EBB /* DataTypesView.swift in Sources */ = {isa = PBXBuildFile; fileRef = 79650F5527FA591600565EBB /* DataTypesView.swift */; };
		79650F5927FA591600565EBB /* ClosuresView.swift in Sources */ = {isa = PBXBuildFile; fileRef = 79650F5627FA591600565EBB /* ClosuresView.swift */; };
		79650F5B27FA591D00565EBB /* ButtonStyle.swift in Sources */ = {isa = PBXBuildFile; fileRef = 79650F5A27FA591D00565EBB /* ButtonStyle.swift */; };
		79AF5F1827FAF6DF002701D8 /* Date+Extension.swift in Sources */ = {isa = PBXBuildFile; fileRef = 79AF5F1727FAF6DF002701D8 /* Date+Extension.swift */; };
		79F13CA127FA5DC400EB11F0 /* ImageStyle.swift in Sources */ = {isa = PBXBuildFile; fileRef = 79F13CA027FA5DC400EB11F0 /* ImageStyle.swift */; };
		79F13CA727FA7ABF00EB11F0 /* Country.swift in Sources */ = {isa = PBXBuildFile; fileRef = 79F13CA627FA7ABE00EB11F0 /* Country.swift */; };
		79F13CA927FA81A100EB11F0 /* ExtensionView.swift in Sources */ = {isa = PBXBuildFile; fileRef = 79F13CA827FA81A100EB11F0 /* ExtensionView.swift */; };
/* End PBXBuildFile section */

/* Begin PBXFileReference section */
		79650F3327FA58DC00565EBB /* LP-Swift.app */ = {isa = PBXFileReference; explicitFileType = wrapper.application; includeInIndex = 0; path = "LP-Swift.app"; sourceTree = BUILT_PRODUCTS_DIR; };
		79650F3627FA58DC00565EBB /* LP_SwiftApp.swift */ = {isa = PBXFileReference; lastKnownFileType = sourcecode.swift; path = LP_SwiftApp.swift; sourceTree = "<group>"; };
		79650F3A27FA58DE00565EBB /* Assets.xcassets */ = {isa = PBXFileReference; lastKnownFileType = folder.assetcatalog; path = Assets.xcassets; sourceTree = "<group>"; };
		79650F3D27FA58DE00565EBB /* Preview Assets.xcassets */ = {isa = PBXFileReference; lastKnownFileType = folder.assetcatalog; path = "Preview Assets.xcassets"; sourceTree = "<group>"; };
		79650F4C27FA590400565EBB /* Person.swift */ = {isa = PBXFileReference; fileEncoding = 4; lastKnownFileType = sourcecode.swift; path = Person.swift; sourceTree = "<group>"; };
		79650F4E27FA590E00565EBB /* Float+Extension.swift */ = {isa = PBXFileReference; fileEncoding = 4; lastKnownFileType = sourcecode.swift; path = "Float+Extension.swift"; sourceTree = "<group>"; };
		79650F4F27FA590E00565EBB /* View+Extension.swift */ = {isa = PBXFileReference; fileEncoding = 4; lastKnownFileType = sourcecode.swift; path = "View+Extension.swift"; sourceTree = "<group>"; };
		79650F5027FA590E00565EBB /* Color+Extension.swift */ = {isa = PBXFileReference; fileEncoding = 4; lastKnownFileType = sourcecode.swift; path = "Color+Extension.swift"; sourceTree = "<group>"; };
		79650F5427FA591600565EBB /* ComputedPropertiesView.swift */ = {isa = PBXFileReference; fileEncoding = 4; lastKnownFileType = sourcecode.swift; path = ComputedPropertiesView.swift; sourceTree = "<group>"; };
		79650F5527FA591600565EBB /* DataTypesView.swift */ = {isa = PBXFileReference; fileEncoding = 4; lastKnownFileType = sourcecode.swift; path = DataTypesView.swift; sourceTree = "<group>"; };
		79650F5627FA591600565EBB /* ClosuresView.swift */ = {isa = PBXFileReference; fileEncoding = 4; lastKnownFileType = sourcecode.swift; path = ClosuresView.swift; sourceTree = "<group>"; };
		79650F5A27FA591D00565EBB /* ButtonStyle.swift */ = {isa = PBXFileReference; fileEncoding = 4; lastKnownFileType = sourcecode.swift; path = ButtonStyle.swift; sourceTree = "<group>"; };
		79AF5F1727FAF6DF002701D8 /* Date+Extension.swift */ = {isa = PBXFileReference; lastKnownFileType = sourcecode.swift; path = "Date+Extension.swift"; sourceTree = "<group>"; };
		79F13CA027FA5DC400EB11F0 /* ImageStyle.swift */ = {isa = PBXFileReference; lastKnownFileType = sourcecode.swift; path = ImageStyle.swift; sourceTree = "<group>"; };
		79F13CA627FA7ABE00EB11F0 /* Country.swift */ = {isa = PBXFileReference; lastKnownFileType = sourcecode.swift; path = Country.swift; sourceTree = "<group>"; };
		79F13CA827FA81A100EB11F0 /* ExtensionView.swift */ = {isa = PBXFileReference; lastKnownFileType = sourcecode.swift; path = ExtensionView.swift; sourceTree = "<group>"; };
/* End PBXFileReference section */

/* Begin PBXFrameworksBuildPhase section */
		79650F3027FA58DC00565EBB /* Frameworks */ = {
			isa = PBXFrameworksBuildPhase;
			buildActionMask = 2147483647;
			files = (
			);
			runOnlyForDeploymentPostprocessing = 0;
		};
/* End PBXFrameworksBuildPhase section */

/* Begin PBXGroup section */
		79650F2A27FA58DC00565EBB = {
			isa = PBXGroup;
			children = (
				79650F3527FA58DC00565EBB /* LP-Swift */,
				79650F3427FA58DC00565EBB /* Products */,
			);
			sourceTree = "<group>";
		};
		79650F3427FA58DC00565EBB /* Products */ = {
			isa = PBXGroup;
			children = (
				79650F3327FA58DC00565EBB /* LP-Swift.app */,
			);
			name = Products;
			sourceTree = "<group>";
		};
		79650F3527FA58DC00565EBB /* LP-Swift */ = {
			isa = PBXGroup;
			children = (
				79650F3627FA58DC00565EBB /* LP_SwiftApp.swift */,
				79650F5C27FA594A00565EBB /* Model */,
				79650F5D27FA595100565EBB /* Extension */,
				79650F5E27FA595E00565EBB /* View */,
				79650F3A27FA58DE00565EBB /* Assets.xcassets */,
				79650F3C27FA58DE00565EBB /* Preview Content */,
			);
			path = "LP-Swift";
			sourceTree = "<group>";
		};
		79650F3C27FA58DE00565EBB /* Preview Content */ = {
			isa = PBXGroup;
			children = (
				79650F3D27FA58DE00565EBB /* Preview Assets.xcassets */,
			);
			path = "Preview Content";
			sourceTree = "<group>";
		};
		79650F5C27FA594A00565EBB /* Model */ = {
			isa = PBXGroup;
			children = (
				79650F4C27FA590400565EBB /* Person.swift */,
				79650F5A27FA591D00565EBB /* ButtonStyle.swift */,
				79F13CA627FA7ABE00EB11F0 /* Country.swift */,
				79F13CA027FA5DC400EB11F0 /* ImageStyle.swift */,
			);
			path = Model;
			sourceTree = "<group>";
		};
		79650F5D27FA595100565EBB /* Extension */ = {
			isa = PBXGroup;
			children = (
				79650F5027FA590E00565EBB /* Color+Extension.swift */,
				79650F4E27FA590E00565EBB /* Float+Extension.swift */,
				79AF5F1727FAF6DF002701D8 /* Date+Extension.swift */,
				79650F4F27FA590E00565EBB /* View+Extension.swift */,
			);
			path = Extension;
			sourceTree = "<group>";
		};
		79650F5E27FA595E00565EBB /* View */ = {
			isa = PBXGroup;
			children = (
				79650F5627FA591600565EBB /* ClosuresView.swift */,
				79650F5427FA591600565EBB /* ComputedPropertiesView.swift */,
				79F13CA827FA81A100EB11F0 /* ExtensionView.swift */,
				79650F5527FA591600565EBB /* DataTypesView.swift */,
			);
			path = View;
			sourceTree = "<group>";
		};
/* End PBXGroup section */

/* Begin PBXNativeTarget section */
		79650F3227FA58DC00565EBB /* LP-Swift */ = {
			isa = PBXNativeTarget;
			buildConfigurationList = 79650F4127FA58DE00565EBB /* Build configuration list for PBXNativeTarget "LP-Swift" */;
			buildPhases = (
				79650F2F27FA58DC00565EBB /* Sources */,
				79650F3027FA58DC00565EBB /* Frameworks */,
				79650F3127FA58DC00565EBB /* Resources */,
			);
			buildRules = (
			);
			dependencies = (
			);
			name = "LP-Swift";
			productName = "LP-Swift";
			productReference = 79650F3327FA58DC00565EBB /* LP-Swift.app */;
			productType = "com.apple.product-type.application";
		};
/* End PBXNativeTarget section */

/* Begin PBXProject section */
		79650F2B27FA58DC00565EBB /* Project object */ = {
			isa = PBXProject;
			attributes = {
				BuildIndependentTargetsInParallel = 1;
				LastSwiftUpdateCheck = 1320;
				LastUpgradeCheck = 1320;
				TargetAttributes = {
					79650F3227FA58DC00565EBB = {
						CreatedOnToolsVersion = 13.2.1;
					};
				};
			};
			buildConfigurationList = 79650F2E27FA58DC00565EBB /* Build configuration list for PBXProject "LP-Swift" */;
			compatibilityVersion = "Xcode 13.0";
			developmentRegion = en;
			hasScannedForEncodings = 0;
			knownRegions = (
				en,
				Base,
			);
			mainGroup = 79650F2A27FA58DC00565EBB;
			productRefGroup = 79650F3427FA58DC00565EBB /* Products */;
			projectDirPath = "";
			projectRoot = "";
			targets = (
				79650F3227FA58DC00565EBB /* LP-Swift */,
			);
		};
/* End PBXProject section */

/* Begin PBXResourcesBuildPhase section */
		79650F3127FA58DC00565EBB /* Resources */ = {
			isa = PBXResourcesBuildPhase;
			buildActionMask = 2147483647;
			files = (
				79650F3E27FA58DE00565EBB /* Preview Assets.xcassets in Resources */,
				79650F3B27FA58DE00565EBB /* Assets.xcassets in Resources */,
			);
			runOnlyForDeploymentPostprocessing = 0;
		};
/* End PBXResourcesBuildPhase section */

/* Begin PBXSourcesBuildPhase section */
		79650F2F27FA58DC00565EBB /* Sources */ = {
			isa = PBXSourcesBuildPhase;
			buildActionMask = 2147483647;
			files = (
				79650F5827FA591600565EBB /* DataTypesView.swift in Sources */,
				79F13CA127FA5DC400EB11F0 /* ImageStyle.swift in Sources */,
				79AF5F1827FAF6DF002701D8 /* Date+Extension.swift in Sources */,
				79650F4D27FA590400565EBB /* Person.swift in Sources */,
				79650F5327FA590E00565EBB /* Color+Extension.swift in Sources */,
				79650F5B27FA591D00565EBB /* ButtonStyle.swift in Sources */,
				79650F5227FA590E00565EBB /* View+Extension.swift in Sources */,
				79650F5127FA590E00565EBB /* Float+Extension.swift in Sources */,
				79F13CA727FA7ABF00EB11F0 /* Country.swift in Sources */,
				79650F5927FA591600565EBB /* ClosuresView.swift in Sources */,
				79650F3727FA58DC00565EBB /* LP_SwiftApp.swift in Sources */,
				79F13CA927FA81A100EB11F0 /* ExtensionView.swift in Sources */,
				79650F5727FA591600565EBB /* ComputedPropertiesView.swift in Sources */,
			);
			runOnlyForDeploymentPostprocessing = 0;
		};
/* End PBXSourcesBuildPhase section */

/* Begin XCBuildConfiguration section */
		79650F3F27FA58DE00565EBB /* Debug */ = {
			isa = XCBuildConfiguration;
			buildSettings = {
				ALWAYS_SEARCH_USER_PATHS = NO;
				CLANG_ANALYZER_NONNULL = YES;
				CLANG_ANALYZER_NUMBER_OBJECT_CONVERSION = YES_AGGRESSIVE;
				CLANG_CXX_LANGUAGE_STANDARD = "gnu++17";
				CLANG_CXX_LIBRARY = "libc++";
				CLANG_ENABLE_MODULES = YES;
				CLANG_ENABLE_OBJC_ARC = YES;
				CLANG_ENABLE_OBJC_WEAK = YES;
				CLANG_WARN_BLOCK_CAPTURE_AUTORELEASING = YES;
				CLANG_WARN_BOOL_CONVERSION = YES;
				CLANG_WARN_COMMA = YES;
				CLANG_WARN_CONSTANT_CONVERSION = YES;
				CLANG_WARN_DEPRECATED_OBJC_IMPLEMENTATIONS = YES;
				CLANG_WARN_DIRECT_OBJC_ISA_USAGE = YES_ERROR;
				CLANG_WARN_DOCUMENTATION_COMMENTS = YES;
				CLANG_WARN_EMPTY_BODY = YES;
				CLANG_WARN_ENUM_CONVERSION = YES;
				CLANG_WARN_INFINITE_RECURSION = YES;
				CLANG_WARN_INT_CONVERSION = YES;
				CLANG_WARN_NON_LITERAL_NULL_CONVERSION = YES;
				CLANG_WARN_OBJC_IMPLICIT_RETAIN_SELF = YES;
				CLANG_WARN_OBJC_LITERAL_CONVERSION = YES;
				CLANG_WARN_OBJC_ROOT_CLASS = YES_ERROR;
				CLANG_WARN_QUOTED_INCLUDE_IN_FRAMEWORK_HEADER = YES;
				CLANG_WARN_RANGE_LOOP_ANALYSIS = YES;
				CLANG_WARN_STRICT_PROTOTYPES = YES;
				CLANG_WARN_SUSPICIOUS_MOVE = YES;
				CLANG_WARN_UNGUARDED_AVAILABILITY = YES_AGGRESSIVE;
				CLANG_WARN_UNREACHABLE_CODE = YES;
				CLANG_WARN__DUPLICATE_METHOD_MATCH = YES;
				COPY_PHASE_STRIP = NO;
				DEBUG_INFORMATION_FORMAT = dwarf;
				ENABLE_STRICT_OBJC_MSGSEND = YES;
				ENABLE_TESTABILITY = YES;
				GCC_C_LANGUAGE_STANDARD = gnu11;
				GCC_DYNAMIC_NO_PIC = NO;
				GCC_NO_COMMON_BLOCKS = YES;
				GCC_OPTIMIZATION_LEVEL = 0;
				GCC_PREPROCESSOR_DEFINITIONS = (
					"DEBUG=1",
					"$(inherited)",
				);
				GCC_WARN_64_TO_32_BIT_CONVERSION = YES;
				GCC_WARN_ABOUT_RETURN_TYPE = YES_ERROR;
				GCC_WARN_UNDECLARED_SELECTOR = YES;
				GCC_WARN_UNINITIALIZED_AUTOS = YES_AGGRESSIVE;
				GCC_WARN_UNUSED_FUNCTION = YES;
				GCC_WARN_UNUSED_VARIABLE = YES;
				IPHONEOS_DEPLOYMENT_TARGET = 15.2;
				MTL_ENABLE_DEBUG_INFO = INCLUDE_SOURCE;
				MTL_FAST_MATH = YES;
				ONLY_ACTIVE_ARCH = YES;
				SDKROOT = iphoneos;
				SWIFT_ACTIVE_COMPILATION_CONDITIONS = DEBUG;
				SWIFT_OPTIMIZATION_LEVEL = "-Onone";
			};
			name = Debug;
		};
		79650F4027FA58DE00565EBB /* Release */ = {
			isa = XCBuildConfiguration;
			buildSettings = {
				ALWAYS_SEARCH_USER_PATHS = NO;
				CLANG_ANALYZER_NONNULL = YES;
				CLANG_ANALYZER_NUMBER_OBJECT_CONVERSION = YES_AGGRESSIVE;
				CLANG_CXX_LANGUAGE_STANDARD = "gnu++17";
				CLANG_CXX_LIBRARY = "libc++";
				CLANG_ENABLE_MODULES = YES;
				CLANG_ENABLE_OBJC_ARC = YES;
				CLANG_ENABLE_OBJC_WEAK = YES;
				CLANG_WARN_BLOCK_CAPTURE_AUTORELEASING = YES;
				CLANG_WARN_BOOL_CONVERSION = YES;
				CLANG_WARN_COMMA = YES;
				CLANG_WARN_CONSTANT_CONVERSION = YES;
				CLANG_WARN_DEPRECATED_OBJC_IMPLEMENTATIONS = YES;
				CLANG_WARN_DIRECT_OBJC_ISA_USAGE = YES_ERROR;
				CLANG_WARN_DOCUMENTATION_COMMENTS = YES;
				CLANG_WARN_EMPTY_BODY = YES;
				CLANG_WARN_ENUM_CONVERSION = YES;
				CLANG_WARN_INFINITE_RECURSION = YES;
				CLANG_WARN_INT_CONVERSION = YES;
				CLANG_WARN_NON_LITERAL_NULL_CONVERSION = YES;
				CLANG_WARN_OBJC_IMPLICIT_RETAIN_SELF = YES;
				CLANG_WARN_OBJC_LITERAL_CONVERSION = YES;
				CLANG_WARN_OBJC_ROOT_CLASS = YES_ERROR;
				CLANG_WARN_QUOTED_INCLUDE_IN_FRAMEWORK_HEADER = YES;
				CLANG_WARN_RANGE_LOOP_ANALYSIS = YES;
				CLANG_WARN_STRICT_PROTOTYPES = YES;
				CLANG_WARN_SUSPICIOUS_MOVE = YES;
				CLANG_WARN_UNGUARDED_AVAILABILITY = YES_AGGRESSIVE;
				CLANG_WARN_UNREACHABLE_CODE = YES;
				CLANG_WARN__DUPLICATE_METHOD_MATCH = YES;
				COPY_PHASE_STRIP = NO;
				DEBUG_INFORMATION_FORMAT = "dwarf-with-dsym";
				ENABLE_NS_ASSERTIONS = NO;
				ENABLE_STRICT_OBJC_MSGSEND = YES;
				GCC_C_LANGUAGE_STANDARD = gnu11;
				GCC_NO_COMMON_BLOCKS = YES;
				GCC_WARN_64_TO_32_BIT_CONVERSION = YES;
				GCC_WARN_ABOUT_RETURN_TYPE = YES_ERROR;
				GCC_WARN_UNDECLARED_SELECTOR = YES;
				GCC_WARN_UNINITIALIZED_AUTOS = YES_AGGRESSIVE;
				GCC_WARN_UNUSED_FUNCTION = YES;
				GCC_WARN_UNUSED_VARIABLE = YES;
				IPHONEOS_DEPLOYMENT_TARGET = 15.2;
				MTL_ENABLE_DEBUG_INFO = NO;
				MTL_FAST_MATH = YES;
				SDKROOT = iphoneos;
				SWIFT_COMPILATION_MODE = wholemodule;
				SWIFT_OPTIMIZATION_LEVEL = "-O";
				VALIDATE_PRODUCT = YES;
			};
			name = Release;
		};
		79650F4227FA58DE00565EBB /* Debug */ = {
			isa = XCBuildConfiguration;
			buildSettings = {
				ASSETCATALOG_COMPILER_APPICON_NAME = AppIcon;
				ASSETCATALOG_COMPILER_GLOBAL_ACCENT_COLOR_NAME = AccentColor;
				CODE_SIGN_STYLE = Automatic;
				CURRENT_PROJECT_VERSION = 1;
				DEVELOPMENT_ASSET_PATHS = "\"LP-Swift/Preview Content\"";
				DEVELOPMENT_TEAM = QNHX86K7F4;
				ENABLE_PREVIEWS = YES;
				GENERATE_INFOPLIST_FILE = YES;
				INFOPLIST_KEY_UIApplicationSceneManifest_Generation = YES;
				INFOPLIST_KEY_UIApplicationSupportsIndirectInputEvents = YES;
				INFOPLIST_KEY_UILaunchScreen_Generation = YES;
				INFOPLIST_KEY_UISupportedInterfaceOrientations_iPad = "UIInterfaceOrientationPortrait UIInterfaceOrientationPortraitUpsideDown UIInterfaceOrientationLandscapeLeft UIInterfaceOrientationLandscapeRight";
				INFOPLIST_KEY_UISupportedInterfaceOrientations_iPhone = "UIInterfaceOrientationPortrait UIInterfaceOrientationLandscapeLeft UIInterfaceOrientationLandscapeRight";
				LD_RUNPATH_SEARCH_PATHS = (
					"$(inherited)",
					"@executable_path/Frameworks",
				);
				MARKETING_VERSION = 1.0;
				PRODUCT_BUNDLE_IDENTIFIER = "com.colen.victor.LP-Swift";
				PRODUCT_NAME = "$(TARGET_NAME)";
				SWIFT_EMIT_LOC_STRINGS = YES;
				SWIFT_VERSION = 5.0;
				TARGETED_DEVICE_FAMILY = "1,2";
			};
			name = Debug;
		};
		79650F4327FA58DE00565EBB /* Release */ = {
			isa = XCBuildConfiguration;
			buildSettings = {
				ASSETCATALOG_COMPILER_APPICON_NAME = AppIcon;
				ASSETCATALOG_COMPILER_GLOBAL_ACCENT_COLOR_NAME = AccentColor;
				CODE_SIGN_STYLE = Automatic;
				CURRENT_PROJECT_VERSION = 1;
				DEVELOPMENT_ASSET_PATHS = "\"LP-Swift/Preview Content\"";
				DEVELOPMENT_TEAM = QNHX86K7F4;
				ENABLE_PREVIEWS = YES;
				GENERATE_INFOPLIST_FILE = YES;
				INFOPLIST_KEY_UIApplicationSceneManifest_Generation = YES;
				INFOPLIST_KEY_UIApplicationSupportsIndirectInputEvents = YES;
				INFOPLIST_KEY_UILaunchScreen_Generation = YES;
				INFOPLIST_KEY_UISupportedInterfaceOrientations_iPad = "UIInterfaceOrientationPortrait UIInterfaceOrientationPortraitUpsideDown UIInterfaceOrientationLandscapeLeft UIInterfaceOrientationLandscapeRight";
				INFOPLIST_KEY_UISupportedInterfaceOrientations_iPhone = "UIInterfaceOrientationPortrait UIInterfaceOrientationLandscapeLeft UIInterfaceOrientationLandscapeRight";
				LD_RUNPATH_SEARCH_PATHS = (
					"$(inherited)",
					"@executable_path/Frameworks",
				);
				MARKETING_VERSION = 1.0;
				PRODUCT_BUNDLE_IDENTIFIER = "com.colen.victor.LP-Swift";
				PRODUCT_NAME = "$(TARGET_NAME)";
				SWIFT_EMIT_LOC_STRINGS = YES;
				SWIFT_VERSION = 5.0;
				TARGETED_DEVICE_FAMILY = "1,2";
			};
			name = Release;
		};
/* End XCBuildConfiguration section */

/* Begin XCConfigurationList section */
		79650F2E27FA58DC00565EBB /* Build configuration list for PBXProject "LP-Swift" */ = {
			isa = XCConfigurationList;
			buildConfigurations = (
				79650F3F27FA58DE00565EBB /* Debug */,
				79650F4027FA58DE00565EBB /* Release */,
			);
			defaultConfigurationIsVisible = 0;
			defaultConfigurationName = Release;
		};
		79650F4127FA58DE00565EBB /* Build configuration list for PBXNativeTarget "LP-Swift" */ = {
			isa = XCConfigurationList;
			buildConfigurations = (
				79650F4227FA58DE00565EBB /* Debug */,
				79650F4327FA58DE00565EBB /* Release */,
			);
			defaultConfigurationIsVisible = 0;
			defaultConfigurationName = Release;
		};
/* End XCConfigurationList section */
	};
	rootObject = 79650F2B27FA58DC00565EBB /* Project object */;
}
